# This file is automatically @generated by Cargo.
# It is not intended for manual editing.
version = 4

[[package]]
name = "adder"
version = "0.1.0"

[[package]]
name = "calc"
version = "0.1.0"
dependencies = [
 "adder",
]

[[package]]
name = "cfg-if"
version = "1.0.0"
source = "registry+https://github.com/rust-lang/crates.io-index"
checksum = "baf1de4339761588bc0619e3cbc0120ee582ebb74b53b4efbf79117bd2da40fd"

[[package]]
name = "data_type"
version = "0.1.0"

[[package]]
name = "double_linked_list"
version = "0.1.0"

[[package]]
name = "encoding_rs"
version = "0.8.35"
source = "registry+https://github.com/rust-lang/crates.io-index"
checksum = "75030f3c4f45dafd7586dd6780965a8c7e8e285a5ecb86713e63a79c5b2766f3"
dependencies = [
 "cfg-if",
]

[[package]]
name = "fibo"
version = "0.1.0"

[[package]]
name = "fildb"
version = "0.1.0"

[[package]]
name = "filedb"
version = "0.1.0"

[[package]]
name = "function"
version = "0.1.0"

[[package]]
name = "generic_Type"
version = "0.1.0"

[[package]]
name = "lifetime"
version = "0.1.0"

[[package]]
name = "new_struct"
version = "0.1.0"

[[package]]
name = "ownership"
version = "0.1.0"

[[package]]
name = "shadowing"
version = "0.1.0"

[[package]]
name = "unrecoverable_error"
version = "0.1.0"
dependencies = [
 "encoding_rs",
]

[[package]]
name = "view"
version = "0.1.0"
