# This file is automatically @generated by Cargo.
# It is not intended for manual editing.
version = 4

[[package]]
name = "adder"
version = "0.1.0"

[[package]]
name = "calc"
version = "0.1.0"
dependencies = [
 "adder",
]

[[package]]
name = "data_type"
version = "0.1.0"

[[package]]
name = "double_linked_list"
version = "0.1.0"

[[package]]
name = "fibo"
version = "0.1.0"

[[package]]
name = "function"
version = "0.1.0"

[[package]]
name = "generic_Type"
version = "0.1.0"

[[package]]
name = "lifetime"
version = "0.1.0"

[[package]]
name = "new_struct"
version = "0.1.0"

[[package]]
name = "ownership"
version = "0.1.0"

[[package]]
name = "shadowing"
version = "0.1.0"

[[package]]
name = "unrecoverable_error"
version = "0.1.0"

[[package]]
name = "view"
version = "0.1.0"
